
Microsoft Visual Studio Solution File, Format Version 12.00
# Visual Studio 2013
VisualStudioVersion = 12.0.40629.0
MinimumVisualStudioVersion = 10.0.40219.1
Project("{FAE04EC0-301F-11D3-BF4B-00C04F79EFBC}") = "Build", "Build\Build.csproj", "{A85ADF1D-ECDF-4D31-9BB4-203C9FD049D6}"
EndProject
Project("{2150E333-8FDC-42A3-9474-1A3956D46DE8}") = ".nuget", ".nuget", "{8F471E4B-BFB2-4598-800C-9569B66A0CEB}"
	ProjectSection(SolutionItems) = preProject
		.nuget\packages.config = .nuget\packages.config
	EndProjectSection
EndProject
Project("{FAE04EC0-301F-11D3-BF4B-00C04F79EFBC}") = "FabrikamFiber.DAL", "..\..\CI\FabrikamFiber_VS2015_RTM\FabrikamFiber.DAL\FabrikamFiber.DAL.csproj", "{64058BA2-30B8-4A35-8D4C-CB4F6D6D7442}"
EndProject
Project("{FAE04EC0-301F-11D3-BF4B-00C04F79EFBC}") = "FabrikamFiber.Web", "..\..\CI\FabrikamFiber_VS2015_RTM\FabrikamFiber.Web\FabrikamFiber.Web.csproj", "{456D6BF0-21B0-4995-9D77-76FA13AD95DA}"
EndProject
Global
	GlobalSection(SolutionConfigurationPlatforms) = preSolution
		Debug|Any CPU = Debug|Any CPU
		Release|Any CPU = Release|Any CPU
	EndGlobalSection
	GlobalSection(ProjectConfigurationPlatforms) = postSolution
		{A85ADF1D-ECDF-4D31-9BB4-203C9FD049D6}.Debug|Any CPU.ActiveCfg = Debug|Any CPU
		{A85ADF1D-ECDF-4D31-9BB4-203C9FD049D6}.Debug|Any CPU.Build.0 = Debug|Any CPU
		{A85ADF1D-ECDF-4D31-9BB4-203C9FD049D6}.Release|Any CPU.ActiveCfg = Release|Any CPU
		{A85ADF1D-ECDF-4D31-9BB4-203C9FD049D6}.Release|Any CPU.Build.0 = Release|Any CPU
		{64058BA2-30B8-4A35-8D4C-CB4F6D6D7442}.Debug|Any CPU.ActiveCfg = Debug|Any CPU
		{64058BA2-30B8-4A35-8D4C-CB4F6D6D7442}.Debug|Any CPU.Build.0 = Debug|Any CPU
		{64058BA2-30B8-4A35-8D4C-CB4F6D6D7442}.Release|Any CPU.ActiveCfg = Release|Any CPU
		{64058BA2-30B8-4A35-8D4C-CB4F6D6D7442}.Release|Any CPU.Build.0 = Release|Any CPU
		{456D6BF0-21B0-4995-9D77-76FA13AD95DA}.Debug|Any CPU.ActiveCfg = Debug|Any CPU
		{456D6BF0-21B0-4995-9D77-76FA13AD95DA}.Debug|Any CPU.Build.0 = Debug|Any CPU
		{456D6BF0-21B0-4995-9D77-76FA13AD95DA}.Release|Any CPU.ActiveCfg = Release|Any CPU
		{456D6BF0-21B0-4995-9D77-76FA13AD95DA}.Release|Any CPU.Build.0 = Release|Any CPU
	EndGlobalSection
	GlobalSection(SolutionProperties) = preSolution
		HideSolutionNode = FALSE
	EndGlobalSection
EndGlobal
